<?xml version="1.0" encoding="utf-8"?>
<Project ToolsVersion="4.0" xmlns="http://schemas.microsoft.com/developer/msbuild/2003">
  <ItemGroup>
    <ClCompile Include="heros_inventory2.cpp" />
    <ClCompile Include="heros_inventory3.cpp" />
    <ClCompile Include="high_scores.cpp" />
    <ClCompile Include="tester.cpp" />
    <ClCompile Include="tic-tac-toe_board.cpp" />
    <ClCompile Include="word_jumble.cpp" />
    <ClCompile Include="chapter4_ex1.cpp" />
    <ClCompile Include="hangman.cpp" />
    <ClCompile Include="yes_or_no.cpp" />
  </ItemGroup>
  <ItemGroup>
    <ClInclude Include="tester.h" />
  </ItemGroup>
</Project>